
Microsoft Visual Studio Solution File, Format Version 12.00
# Visual Studio Version 16
VisualStudioVersion = 16.0.32602.291
MinimumVisualStudioVersion = 10.0.40219.1
Project("{FAE04EC0-301F-11D3-BF4B-00C04F79EFBC}") = "CustomerEmployeeAp", "CustomerEmployeeAp\CustomerEmployeeAp.csproj", "{DE4B837F-770D-4C97-931C-C1A23C3F64E5}"
EndProject
Global
	GlobalSection(SolutionConfigurationPlatforms) = preSolution
		Debug|Any CPU = Debug|Any CPU
		Release|Any CPU = Release|Any CPU
	EndGlobalSection
	GlobalSection(ProjectConfigurationPlatforms) = postSolution
		{DE4B837F-770D-4C97-931C-C1A23C3F64E5}.Debug|Any CPU.ActiveCfg = Debug|Any CPU
		{DE4B837F-770D-4C97-931C-C1A23C3F64E5}.Debug|Any CPU.Build.0 = Debug|Any CPU
		{DE4B837F-770D-4C97-931C-C1A23C3F64E5}.Release|Any CPU.ActiveCfg = Release|Any CPU
		{DE4B837F-770D-4C97-931C-C1A23C3F64E5}.Release|Any CPU.Build.0 = Release|Any CPU
	EndGlobalSection
	GlobalSection(SolutionProperties) = preSolution
		HideSolutionNode = FALSE
	EndGlobalSection
	GlobalSection(ExtensibilityGlobals) = postSolution
		SolutionGuid = {CBC547A6-8E04-4A21-B0E5-F4C9EF5A1364}
	EndGlobalSection
EndGlobal
